
Microsoft Visual Studio Solution File, Format Version 12.00
# Visual Studio 15
VisualStudioVersion = 15.0.28307.329
MinimumVisualStudioVersion = 10.0.40219.1
Project("{FAE04EC0-301F-11D3-BF4B-00C04F79EFBC}") = "DockerExampleProject", "DockerExampleProject\DockerExampleProject.csproj", "{CCA74E1A-E146-4E66-A83B-2C555A679AEB}"
EndProject
Global
	GlobalSection(SolutionConfigurationPlatforms) = preSolution
		Debug|Any CPU = Debug|Any CPU
		Release|Any CPU = Release|Any CPU
	EndGlobalSection
	GlobalSection(ProjectConfigurationPlatforms) = postSolution
		{CCA74E1A-E146-4E66-A83B-2C555A679AEB}.Debug|Any CPU.ActiveCfg = Debug|Any CPU
		{CCA74E1A-E146-4E66-A83B-2C555A679AEB}.Debug|Any CPU.Build.0 = Debug|Any CPU
		{CCA74E1A-E146-4E66-A83B-2C555A679AEB}.Release|Any CPU.ActiveCfg = Release|Any CPU
		{CCA74E1A-E146-4E66-A83B-2C555A679AEB}.Release|Any CPU.Build.0 = Release|Any CPU
	EndGlobalSection
	GlobalSection(SolutionProperties) = preSolution
		HideSolutionNode = FALSE
	EndGlobalSection
	GlobalSection(ExtensibilityGlobals) = postSolution
		SolutionGuid = {BA61735D-DE76-479D-B2D4-7E733B00EBC8}
	EndGlobalSection
EndGlobal
